// !$*UTF8*$!
{
	archiveVersion = 1;
	classes = {
	};
	objectVersion = 46;
	objects = {

/* Begin PBXBuildFile section */
		304ABF4A1E4A937C005EFF41 /* AppDelegate.swift in Sources */ = {isa = PBXBuildFile; fileRef = 304ABF491E4A937C005EFF41 /* AppDelegate.swift */; };
		304ABF4C1E4A937C005EFF41 /* ViewController.swift in Sources */ = {isa = PBXBuildFile; fileRef = 304ABF4B1E4A937C005EFF41 /* ViewController.swift */; };
		304ABF4F1E4A937C005EFF41 /* Main.storyboard in Resources */ = {isa = PBXBuildFile; fileRef = 304ABF4D1E4A937C005EFF41 /* Main.storyboard */; };
		304ABF521E4A937C005EFF41 /* a_simple_reddit_client.xcdatamodeld in Sources */ = {isa = PBXBuildFile; fileRef = 304ABF501E4A937C005EFF41 /* a_simple_reddit_client.xcdatamodeld */; };
		304ABF541E4A937C005EFF41 /* Assets.xcassets in Resources */ = {isa = PBXBuildFile; fileRef = 304ABF531E4A937C005EFF41 /* Assets.xcassets */; };
		304ABF571E4A937C005EFF41 /* LaunchScreen.storyboard in Resources */ = {isa = PBXBuildFile; fileRef = 304ABF551E4A937C005EFF41 /* LaunchScreen.storyboard */; };
		304ABF621E4A937D005EFF41 /* a_simple_reddit_clientTests.swift in Sources */ = {isa = PBXBuildFile; fileRef = 304ABF611E4A937D005EFF41 /* a_simple_reddit_clientTests.swift */; };
		304ABF6D1E4A937D005EFF41 /* a_simple_reddit_clientUITests.swift in Sources */ = {isa = PBXBuildFile; fileRef = 304ABF6C1E4A937D005EFF41 /* a_simple_reddit_clientUITests.swift */; };
		30BB1A231E4AB105004EA23C /* Notification+Extension.swift in Sources */ = {isa = PBXBuildFile; fileRef = 30BB1A221E4AB105004EA23C /* Notification+Extension.swift */; };
/* End PBXBuildFile section */

/* Begin PBXContainerItemProxy section */
		304ABF5E1E4A937D005EFF41 /* PBXContainerItemProxy */ = {
			isa = PBXContainerItemProxy;
			containerPortal = 304ABF3E1E4A937C005EFF41 /* Project object */;
			proxyType = 1;
			remoteGlobalIDString = 304ABF451E4A937C005EFF41;
			remoteInfo = "a-simple-reddit-client";
		};
		304ABF691E4A937D005EFF41 /* PBXContainerItemProxy */ = {
			isa = PBXContainerItemProxy;
			containerPortal = 304ABF3E1E4A937C005EFF41 /* Project object */;
			proxyType = 1;
			remoteGlobalIDString = 304ABF451E4A937C005EFF41;
			remoteInfo = "a-simple-reddit-client";
		};
/* End PBXContainerItemProxy section */

/* Begin PBXFileReference section */
		304ABF461E4A937C005EFF41 /* a-simple-reddit-client.app */ = {isa = PBXFileReference; explicitFileType = wrapper.application; includeInIndex = 0; path = "a-simple-reddit-client.app"; sourceTree = BUILT_PRODUCTS_DIR; };
		304ABF491E4A937C005EFF41 /* AppDelegate.swift */ = {isa = PBXFileReference; lastKnownFileType = sourcecode.swift; path = AppDelegate.swift; sourceTree = "<group>"; };
		304ABF4B1E4A937C005EFF41 /* ViewController.swift */ = {isa = PBXFileReference; lastKnownFileType = sourcecode.swift; path = ViewController.swift; sourceTree = "<group>"; };
		304ABF4E1E4A937C005EFF41 /* Base */ = {isa = PBXFileReference; lastKnownFileType = file.storyboard; name = Base; path = Base.lproj/Main.storyboard; sourceTree = "<group>"; };
		304ABF511E4A937C005EFF41 /* a_simple_reddit_client.xcdatamodel */ = {isa = PBXFileReference; lastKnownFileType = wrapper.xcdatamodel; path = a_simple_reddit_client.xcdatamodel; sourceTree = "<group>"; };
		304ABF531E4A937C005EFF41 /* Assets.xcassets */ = {isa = PBXFileReference; lastKnownFileType = folder.assetcatalog; path = Assets.xcassets; sourceTree = "<group>"; };
		304ABF561E4A937C005EFF41 /* Base */ = {isa = PBXFileReference; lastKnownFileType = file.storyboard; name = Base; path = Base.lproj/LaunchScreen.storyboard; sourceTree = "<group>"; };
		304ABF581E4A937C005EFF41 /* Info.plist */ = {isa = PBXFileReference; lastKnownFileType = text.plist.xml; path = Info.plist; sourceTree = "<group>"; };
		304ABF5D1E4A937D005EFF41 /* a-simple-reddit-clientTests.xctest */ = {isa = PBXFileReference; explicitFileType = wrapper.cfbundle; includeInIndex = 0; path = "a-simple-reddit-clientTests.xctest"; sourceTree = BUILT_PRODUCTS_DIR; };
		304ABF611E4A937D005EFF41 /* a_simple_reddit_clientTests.swift */ = {isa = PBXFileReference; lastKnownFileType = sourcecode.swift; path = a_simple_reddit_clientTests.swift; sourceTree = "<group>"; };
		304ABF631E4A937D005EFF41 /* Info.plist */ = {isa = PBXFileReference; lastKnownFileType = text.plist.xml; path = Info.plist; sourceTree = "<group>"; };
		304ABF681E4A937D005EFF41 /* a-simple-reddit-clientUITests.xctest */ = {isa = PBXFileReference; explicitFileType = wrapper.cfbundle; includeInIndex = 0; path = "a-simple-reddit-clientUITests.xctest"; sourceTree = BUILT_PRODUCTS_DIR; };
		304ABF6C1E4A937D005EFF41 /* a_simple_reddit_clientUITests.swift */ = {isa = PBXFileReference; lastKnownFileType = sourcecode.swift; path = a_simple_reddit_clientUITests.swift; sourceTree = "<group>"; };
		304ABF6E1E4A937D005EFF41 /* Info.plist */ = {isa = PBXFileReference; lastKnownFileType = text.plist.xml; path = Info.plist; sourceTree = "<group>"; };
		30BB1A221E4AB105004EA23C /* Notification+Extension.swift */ = {isa = PBXFileReference; fileEncoding = 4; lastKnownFileType = sourcecode.swift; name = "Notification+Extension.swift"; path = "Extensions/Notification+Extension.swift"; sourceTree = "<group>"; };
/* End PBXFileReference section */

/* Begin PBXFrameworksBuildPhase section */
		304ABF431E4A937C005EFF41 /* Frameworks */ = {
			isa = PBXFrameworksBuildPhase;
			buildActionMask = 2147483647;
			files = (
			);
			runOnlyForDeploymentPostprocessing = 0;
		};
		304ABF5A1E4A937D005EFF41 /* Frameworks */ = {
			isa = PBXFrameworksBuildPhase;
			buildActionMask = 2147483647;
			files = (
			);
			runOnlyForDeploymentPostprocessing = 0;
		};
		304ABF651E4A937D005EFF41 /* Frameworks */ = {
			isa = PBXFrameworksBuildPhase;
			buildActionMask = 2147483647;
			files = (
			);
			runOnlyForDeploymentPostprocessing = 0;
		};
/* End PBXFrameworksBuildPhase section */

/* Begin PBXGroup section */
		304ABF3D1E4A937C005EFF41 = {
			isa = PBXGroup;
			children = (
				304ABF481E4A937C005EFF41 /* a-simple-reddit-client */,
				304ABF601E4A937D005EFF41 /* a-simple-reddit-clientTests */,
				304ABF6B1E4A937D005EFF41 /* a-simple-reddit-clientUITests */,
				304ABF471E4A937C005EFF41 /* Products */,
			);
			sourceTree = "<group>";
		};
		304ABF471E4A937C005EFF41 /* Products */ = {
			isa = PBXGroup;
			children = (
				304ABF461E4A937C005EFF41 /* a-simple-reddit-client.app */,
				304ABF5D1E4A937D005EFF41 /* a-simple-reddit-clientTests.xctest */,
				304ABF681E4A937D005EFF41 /* a-simple-reddit-clientUITests.xctest */,
			);
			name = Products;
			sourceTree = "<group>";
		};
		304ABF481E4A937C005EFF41 /* a-simple-reddit-client */ = {
			isa = PBXGroup;
			children = (
				30BB1A211E4AB0C9004EA23C /* Extensions */,
				304ABF491E4A937C005EFF41 /* AppDelegate.swift */,
				304ABF4B1E4A937C005EFF41 /* ViewController.swift */,
				304ABF4D1E4A937C005EFF41 /* Main.storyboard */,
				304ABF531E4A937C005EFF41 /* Assets.xcassets */,
				304ABF551E4A937C005EFF41 /* LaunchScreen.storyboard */,
				304ABF581E4A937C005EFF41 /* Info.plist */,
				304ABF501E4A937C005EFF41 /* a_simple_reddit_client.xcdatamodeld */,
			);
			path = "a-simple-reddit-client";
			sourceTree = "<group>";
		};
		304ABF601E4A937D005EFF41 /* a-simple-reddit-clientTests */ = {
			isa = PBXGroup;
			children = (
				304ABF611E4A937D005EFF41 /* a_simple_reddit_clientTests.swift */,
				304ABF631E4A937D005EFF41 /* Info.plist */,
			);
			path = "a-simple-reddit-clientTests";
			sourceTree = "<group>";
		};
		304ABF6B1E4A937D005EFF41 /* a-simple-reddit-clientUITests */ = {
			isa = PBXGroup;
			children = (
				304ABF6C1E4A937D005EFF41 /* a_simple_reddit_clientUITests.swift */,
				304ABF6E1E4A937D005EFF41 /* Info.plist */,
			);
			path = "a-simple-reddit-clientUITests";
			sourceTree = "<group>";
		};
		30BB1A211E4AB0C9004EA23C /* Extensions */ = {
			isa = PBXGroup;
			children = (
				30BB1A221E4AB105004EA23C /* Notification+Extension.swift */,
			);
			name = Extensions;
			sourceTree = "<group>";
		};
/* End PBXGroup section */

/* Begin PBXNativeTarget section */
		304ABF451E4A937C005EFF41 /* a-simple-reddit-client */ = {
			isa = PBXNativeTarget;
			buildConfigurationList = 304ABF711E4A937D005EFF41 /* Build configuration list for PBXNativeTarget "a-simple-reddit-client" */;
			buildPhases = (
				304ABF421E4A937C005EFF41 /* Sources */,
				304ABF431E4A937C005EFF41 /* Frameworks */,
				304ABF441E4A937C005EFF41 /* Resources */,
			);
			buildRules = (
			);
			dependencies = (
			);
			name = "a-simple-reddit-client";
			productName = "a-simple-reddit-client";
			productReference = 304ABF461E4A937C005EFF41 /* a-simple-reddit-client.app */;
			productType = "com.apple.product-type.application";
		};
		304ABF5C1E4A937D005EFF41 /* a-simple-reddit-clientTests */ = {
			isa = PBXNativeTarget;
			buildConfigurationList = 304ABF741E4A937D005EFF41 /* Build configuration list for PBXNativeTarget "a-simple-reddit-clientTests" */;
			buildPhases = (
				304ABF591E4A937D005EFF41 /* Sources */,
				304ABF5A1E4A937D005EFF41 /* Frameworks */,
				304ABF5B1E4A937D005EFF41 /* Resources */,
			);
			buildRules = (
			);
			dependencies = (
				304ABF5F1E4A937D005EFF41 /* PBXTargetDependency */,
			);
			name = "a-simple-reddit-clientTests";
			productName = "a-simple-reddit-clientTests";
			productReference = 304ABF5D1E4A937D005EFF41 /* a-simple-reddit-clientTests.xctest */;
			productType = "com.apple.product-type.bundle.unit-test";
		};
		304ABF671E4A937D005EFF41 /* a-simple-reddit-clientUITests */ = {
			isa = PBXNativeTarget;
			buildConfigurationList = 304ABF771E4A937D005EFF41 /* Build configuration list for PBXNativeTarget "a-simple-reddit-clientUITests" */;
			buildPhases = (
				304ABF641E4A937D005EFF41 /* Sources */,
				304ABF651E4A937D005EFF41 /* Frameworks */,
				304ABF661E4A937D005EFF41 /* Resources */,
			);
			buildRules = (
			);
			dependencies = (
				304ABF6A1E4A937D005EFF41 /* PBXTargetDependency */,
			);
			name = "a-simple-reddit-clientUITests";
			productName = "a-simple-reddit-clientUITests";
			productReference = 304ABF681E4A937D005EFF41 /* a-simple-reddit-clientUITests.xctest */;
			productType = "com.apple.product-type.bundle.ui-testing";
		};
/* End PBXNativeTarget section */

/* Begin PBXProject section */
		304ABF3E1E4A937C005EFF41 /* Project object */ = {
			isa = PBXProject;
			attributes = {
				LastSwiftUpdateCheck = 0800;
				LastUpgradeCheck = 0800;
				ORGANIZATIONNAME = mourodrigo;
				TargetAttributes = {
					304ABF451E4A937C005EFF41 = {
						CreatedOnToolsVersion = 8.0;
						DevelopmentTeam = WL7H3NV943;
						ProvisioningStyle = Automatic;
					};
					304ABF5C1E4A937D005EFF41 = {
						CreatedOnToolsVersion = 8.0;
						DevelopmentTeam = WL7H3NV943;
						ProvisioningStyle = Automatic;
						TestTargetID = 304ABF451E4A937C005EFF41;
					};
					304ABF671E4A937D005EFF41 = {
						CreatedOnToolsVersion = 8.0;
						DevelopmentTeam = WL7H3NV943;
						ProvisioningStyle = Automatic;
						TestTargetID = 304ABF451E4A937C005EFF41;
					};
				};
			};
			buildConfigurationList = 304ABF411E4A937C005EFF41 /* Build configuration list for PBXProject "a-simple-reddit-client" */;
			compatibilityVersion = "Xcode 3.2";
			developmentRegion = English;
			hasScannedForEncodings = 0;
			knownRegions = (
				en,
				Base,
			);
			mainGroup = 304ABF3D1E4A937C005EFF41;
			productRefGroup = 304ABF471E4A937C005EFF41 /* Products */;
			projectDirPath = "";
			projectRoot = "";
			targets = (
				304ABF451E4A937C005EFF41 /* a-simple-reddit-client */,
				304ABF5C1E4A937D005EFF41 /* a-simple-reddit-clientTests */,
				304ABF671E4A937D005EFF41 /* a-simple-reddit-clientUITests */,
			);
		};
/* End PBXProject section */

/* Begin PBXResourcesBuildPhase section */
		304ABF441E4A937C005EFF41 /* Resources */ = {
			isa = PBXResourcesBuildPhase;
			buildActionMask = 2147483647;
			files = (
				304ABF571E4A937C005EFF41 /* LaunchScreen.storyboard in Resources */,
				304ABF541E4A937C005EFF41 /* Assets.xcassets in Resources */,
				304ABF4F1E4A937C005EFF41 /* Main.storyboard in Resources */,
			);
			runOnlyForDeploymentPostprocessing = 0;
		};
		304ABF5B1E4A937D005EFF41 /* Resources */ = {
			isa = PBXResourcesBuildPhase;
			buildActionMask = 2147483647;
			files = (
			);
			runOnlyForDeploymentPostprocessing = 0;
		};
		304ABF661E4A937D005EFF41 /* Resources */ = {
			isa = PBXResourcesBuildPhase;
			buildActionMask = 2147483647;
			files = (
			);
			runOnlyForDeploymentPostprocessing = 0;
		};
/* End PBXResourcesBuildPhase section */

/* Begin PBXSourcesBuildPhase section */
		304ABF421E4A937C005EFF41 /* Sources */ = {
			isa = PBXSourcesBuildPhase;
			buildActionMask = 2147483647;
			files = (
				304ABF521E4A937C005EFF41 /* a_simple_reddit_client.xcdatamodeld in Sources */,
				304ABF4C1E4A937C005EFF41 /* ViewController.swift in Sources */,
				30BB1A231E4AB105004EA23C /* Notification+Extension.swift in Sources */,
				304ABF4A1E4A937C005EFF41 /* AppDelegate.swift in Sources */,
			);
			runOnlyForDeploymentPostprocessing = 0;
		};
		304ABF591E4A937D005EFF41 /* Sources */ = {
			isa = PBXSourcesBuildPhase;
			buildActionMask = 2147483647;
			files = (
				304ABF621E4A937D005EFF41 /* a_simple_reddit_clientTests.swift in Sources */,
			);
			runOnlyForDeploymentPostprocessing = 0;
		};
		304ABF641E4A937D005EFF41 /* Sources */ = {
			isa = PBXSourcesBuildPhase;
			buildActionMask = 2147483647;
			files = (
				304ABF6D1E4A937D005EFF41 /* a_simple_reddit_clientUITests.swift in Sources */,
			);
			runOnlyForDeploymentPostprocessing = 0;
		};
/* End PBXSourcesBuildPhase section */

/* Begin PBXTargetDependency section */
		304ABF5F1E4A937D005EFF41 /* PBXTargetDependency */ = {
			isa = PBXTargetDependency;
			target = 304ABF451E4A937C005EFF41 /* a-simple-reddit-client */;
			targetProxy = 304ABF5E1E4A937D005EFF41 /* PBXContainerItemProxy */;
		};
		304ABF6A1E4A937D005EFF41 /* PBXTargetDependency */ = {
			isa = PBXTargetDependency;
			target = 304ABF451E4A937C005EFF41 /* a-simple-reddit-client */;
			targetProxy = 304ABF691E4A937D005EFF41 /* PBXContainerItemProxy */;
		};
/* End PBXTargetDependency section */

/* Begin PBXVariantGroup section */
		304ABF4D1E4A937C005EFF41 /* Main.storyboard */ = {
			isa = PBXVariantGroup;
			children = (
				304ABF4E1E4A937C005EFF41 /* Base */,
			);
			name = Main.storyboard;
			sourceTree = "<group>";
		};
		304ABF551E4A937C005EFF41 /* LaunchScreen.storyboard */ = {
			isa = PBXVariantGroup;
			children = (
				304ABF561E4A937C005EFF41 /* Base */,
			);
			name = LaunchScreen.storyboard;
			sourceTree = "<group>";
		};
/* End PBXVariantGroup section */

/* Begin XCBuildConfiguration section */
		304ABF6F1E4A937D005EFF41 /* Debug */ = {
			isa = XCBuildConfiguration;
			buildSettings = {
				ALWAYS_SEARCH_USER_PATHS = NO;
				CLANG_ANALYZER_NONNULL = YES;
				CLANG_CXX_LANGUAGE_STANDARD = "gnu++0x";
				CLANG_CXX_LIBRARY = "libc++";
				CLANG_ENABLE_MODULES = YES;
				CLANG_ENABLE_OBJC_ARC = YES;
				CLANG_WARN_BOOL_CONVERSION = YES;
				CLANG_WARN_CONSTANT_CONVERSION = YES;
				CLANG_WARN_DIRECT_OBJC_ISA_USAGE = YES_ERROR;
				CLANG_WARN_DOCUMENTATION_COMMENTS = YES;
				CLANG_WARN_EMPTY_BODY = YES;
				CLANG_WARN_ENUM_CONVERSION = YES;
				CLANG_WARN_INFINITE_RECURSION = YES;
				CLANG_WARN_INT_CONVERSION = YES;
				CLANG_WARN_OBJC_ROOT_CLASS = YES_ERROR;
				CLANG_WARN_SUSPICIOUS_MOVES = YES;
				CLANG_WARN_UNREACHABLE_CODE = YES;
				CLANG_WARN__DUPLICATE_METHOD_MATCH = YES;
				"CODE_SIGN_IDENTITY[sdk=iphoneos*]" = "iPhone Developer";
				COPY_PHASE_STRIP = NO;
				DEBUG_INFORMATION_FORMAT = dwarf;
				ENABLE_STRICT_OBJC_MSGSEND = YES;
				ENABLE_TESTABILITY = YES;
				GCC_C_LANGUAGE_STANDARD = gnu99;
				GCC_DYNAMIC_NO_PIC = NO;
				GCC_NO_COMMON_BLOCKS = YES;
				GCC_OPTIMIZATION_LEVEL = 0;
				GCC_PREPROCESSOR_DEFINITIONS = (
					"DEBUG=1",
					"$(inherited)",
				);
				GCC_WARN_64_TO_32_BIT_CONVERSION = YES;
				GCC_WARN_ABOUT_RETURN_TYPE = YES_ERROR;
				GCC_WARN_UNDECLARED_SELECTOR = YES;
				GCC_WARN_UNINITIALIZED_AUTOS = YES_AGGRESSIVE;
				GCC_WARN_UNUSED_FUNCTION = YES;
				GCC_WARN_UNUSED_VARIABLE = YES;
				IPHONEOS_DEPLOYMENT_TARGET = 10.0;
				MTL_ENABLE_DEBUG_INFO = YES;
				ONLY_ACTIVE_ARCH = YES;
				SDKROOT = iphoneos;
				SWIFT_ACTIVE_COMPILATION_CONDITIONS = DEBUG;
				SWIFT_OPTIMIZATION_LEVEL = "-Onone";
				TARGETED_DEVICE_FAMILY = "1,2";
			};
			name = Debug;
		};
		304ABF701E4A937D005EFF41 /* Release */ = {
			isa = XCBuildConfiguration;
			buildSettings = {
				ALWAYS_SEARCH_USER_PATHS = NO;
				CLANG_ANALYZER_NONNULL = YES;
				CLANG_CXX_LANGUAGE_STANDARD = "gnu++0x";
				CLANG_CXX_LIBRARY = "libc++";
				CLANG_ENABLE_MODULES = YES;
				CLANG_ENABLE_OBJC_ARC = YES;
				CLANG_WARN_BOOL_CONVERSION = YES;
				CLANG_WARN_CONSTANT_CONVERSION = YES;
				CLANG_WARN_DIRECT_OBJC_ISA_USAGE = YES_ERROR;
				CLANG_WARN_DOCUMENTATION_COMMENTS = YES;
				CLANG_WARN_EMPTY_BODY = YES;
				CLANG_WARN_ENUM_CONVERSION = YES;
				CLANG_WARN_INFINITE_RECURSION = YES;
				CLANG_WARN_INT_CONVERSION = YES;
				CLANG_WARN_OBJC_ROOT_CLASS = YES_ERROR;
				CLANG_WARN_SUSPICIOUS_MOVES = YES;
				CLANG_WARN_UNREACHABLE_CODE = YES;
				CLANG_WARN__DUPLICATE_METHOD_MATCH = YES;
				"CODE_SIGN_IDENTITY[sdk=iphoneos*]" = "iPhone Developer";
				COPY_PHASE_STRIP = NO;
				DEBUG_INFORMATION_FORMAT = "dwarf-with-dsym";
				ENABLE_NS_ASSERTIONS = NO;
				ENABLE_STRICT_OBJC_MSGSEND = YES;
				GCC_C_LANGUAGE_STANDARD = gnu99;
				GCC_NO_COMMON_BLOCKS = YES;
				GCC_WARN_64_TO_32_BIT_CONVERSION = YES;
				GCC_WARN_ABOUT_RETURN_TYPE = YES_ERROR;
				GCC_WARN_UNDECLARED_SELECTOR = YES;
				GCC_WARN_UNINITIALIZED_AUTOS = YES_AGGRESSIVE;
				GCC_WARN_UNUSED_FUNCTION = YES;
				GCC_WARN_UNUSED_VARIABLE = YES;
				IPHONEOS_DEPLOYMENT_TARGET = 10.0;
				MTL_ENABLE_DEBUG_INFO = NO;
				SDKROOT = iphoneos;
				SWIFT_OPTIMIZATION_LEVEL = "-Owholemodule";
				TARGETED_DEVICE_FAMILY = "1,2";
				VALIDATE_PRODUCT = YES;
			};
			name = Release;
		};
		304ABF721E4A937D005EFF41 /* Debug */ = {
			isa = XCBuildConfiguration;
			buildSettings = {
				ASSETCATALOG_COMPILER_APPICON_NAME = AppIcon;
				DEVELOPMENT_TEAM = WL7H3NV943;
				INFOPLIST_FILE = "a-simple-reddit-client/Info.plist";
				LD_RUNPATH_SEARCH_PATHS = "$(inherited) @executable_path/Frameworks";
				PRODUCT_BUNDLE_IDENTIFIER = "mourodrigo.a-simple-reddit-client";
				PRODUCT_NAME = "$(TARGET_NAME)";
				SWIFT_VERSION = 3.0;
			};
			name = Debug;
		};
		304ABF731E4A937D005EFF41 /* Release */ = {
			isa = XCBuildConfiguration;
			buildSettings = {
				ASSETCATALOG_COMPILER_APPICON_NAME = AppIcon;
				DEVELOPMENT_TEAM = WL7H3NV943;
				INFOPLIST_FILE = "a-simple-reddit-client/Info.plist";
				LD_RUNPATH_SEARCH_PATHS = "$(inherited) @executable_path/Frameworks";
				PRODUCT_BUNDLE_IDENTIFIER = "mourodrigo.a-simple-reddit-client";
				PRODUCT_NAME = "$(TARGET_NAME)";
				SWIFT_VERSION = 3.0;
			};
			name = Release;
		};
		304ABF751E4A937D005EFF41 /* Debug */ = {
			isa = XCBuildConfiguration;
			buildSettings = {
				ALWAYS_EMBED_SWIFT_STANDARD_LIBRARIES = YES;
				BUNDLE_LOADER = "$(TEST_HOST)";
				DEVELOPMENT_TEAM = WL7H3NV943;
				INFOPLIST_FILE = "a-simple-reddit-clientTests/Info.plist";
				LD_RUNPATH_SEARCH_PATHS = "$(inherited) @executable_path/Frameworks @loader_path/Frameworks";
				PRODUCT_BUNDLE_IDENTIFIER = "mourodrigo.a-simple-reddit-clientTests";
				PRODUCT_NAME = "$(TARGET_NAME)";
				SWIFT_VERSION = 3.0;
				TEST_HOST = "$(BUILT_PRODUCTS_DIR)/a-simple-reddit-client.app/a-simple-reddit-client";
			};
			name = Debug;
		};
		304ABF761E4A937D005EFF41 /* Release */ = {
			isa = XCBuildConfiguration;
			buildSettings = {
				ALWAYS_EMBED_SWIFT_STANDARD_LIBRARIES = YES;
				BUNDLE_LOADER = "$(TEST_HOST)";
				DEVELOPMENT_TEAM = WL7H3NV943;
				INFOPLIST_FILE = "a-simple-reddit-clientTests/Info.plist";
				LD_RUNPATH_SEARCH_PATHS = "$(inherited) @executable_path/Frameworks @loader_path/Frameworks";
				PRODUCT_BUNDLE_IDENTIFIER = "mourodrigo.a-simple-reddit-clientTests";
				PRODUCT_NAME = "$(TARGET_NAME)";
				SWIFT_VERSION = 3.0;
				TEST_HOST = "$(BUILT_PRODUCTS_DIR)/a-simple-reddit-client.app/a-simple-reddit-client";
			};
			name = Release;
		};
		304ABF781E4A937D005EFF41 /* Debug */ = {
			isa = XCBuildConfiguration;
			buildSettings = {
				ALWAYS_EMBED_SWIFT_STANDARD_LIBRARIES = YES;
				DEVELOPMENT_TEAM = WL7H3NV943;
				INFOPLIST_FILE = "a-simple-reddit-clientUITests/Info.plist";
				LD_RUNPATH_SEARCH_PATHS = "$(inherited) @executable_path/Frameworks @loader_path/Frameworks";
				PRODUCT_BUNDLE_IDENTIFIER = "mourodrigo.a-simple-reddit-clientUITests";
				PRODUCT_NAME = "$(TARGET_NAME)";
				SWIFT_VERSION = 3.0;
				TEST_TARGET_NAME = "a-simple-reddit-client";
			};
			name = Debug;
		};
		304ABF791E4A937D005EFF41 /* Release */ = {
			isa = XCBuildConfiguration;
			buildSettings = {
				ALWAYS_EMBED_SWIFT_STANDARD_LIBRARIES = YES;
				DEVELOPMENT_TEAM = WL7H3NV943;
				INFOPLIST_FILE = "a-simple-reddit-clientUITests/Info.plist";
				LD_RUNPATH_SEARCH_PATHS = "$(inherited) @executable_path/Frameworks @loader_path/Frameworks";
				PRODUCT_BUNDLE_IDENTIFIER = "mourodrigo.a-simple-reddit-clientUITests";
				PRODUCT_NAME = "$(TARGET_NAME)";
				SWIFT_VERSION = 3.0;
				TEST_TARGET_NAME = "a-simple-reddit-client";
			};
			name = Release;
		};
/* End XCBuildConfiguration section */

/* Begin XCConfigurationList section */
		304ABF411E4A937C005EFF41 /* Build configuration list for PBXProject "a-simple-reddit-client" */ = {
			isa = XCConfigurationList;
			buildConfigurations = (
				304ABF6F1E4A937D005EFF41 /* Debug */,
				304ABF701E4A937D005EFF41 /* Release */,
			);
			defaultConfigurationIsVisible = 0;
			defaultConfigurationName = Release;
		};
		304ABF711E4A937D005EFF41 /* Build configuration list for PBXNativeTarget "a-simple-reddit-client" */ = {
			isa = XCConfigurationList;
			buildConfigurations = (
				304ABF721E4A937D005EFF41 /* Debug */,
				304ABF731E4A937D005EFF41 /* Release */,
			);
			defaultConfigurationIsVisible = 0;
			defaultConfigurationName = Release;
		};
		304ABF741E4A937D005EFF41 /* Build configuration list for PBXNativeTarget "a-simple-reddit-clientTests" */ = {
			isa = XCConfigurationList;
			buildConfigurations = (
				304ABF751E4A937D005EFF41 /* Debug */,
				304ABF761E4A937D005EFF41 /* Release */,
			);
			defaultConfigurationIsVisible = 0;
			defaultConfigurationName = Release;
		};
		304ABF771E4A937D005EFF41 /* Build configuration list for PBXNativeTarget "a-simple-reddit-clientUITests" */ = {
			isa = XCConfigurationList;
			buildConfigurations = (
				304ABF781E4A937D005EFF41 /* Debug */,
				304ABF791E4A937D005EFF41 /* Release */,
			);
			defaultConfigurationIsVisible = 0;
			defaultConfigurationName = Release;
		};
/* End XCConfigurationList section */

/* Begin XCVersionGroup section */
		304ABF501E4A937C005EFF41 /* a_simple_reddit_client.xcdatamodeld */ = {
			isa = XCVersionGroup;
			children = (
				304ABF511E4A937C005EFF41 /* a_simple_reddit_client.xcdatamodel */,
			);
			currentVersion = 304ABF511E4A937C005EFF41 /* a_simple_reddit_client.xcdatamodel */;
			path = a_simple_reddit_client.xcdatamodeld;
			sourceTree = "<group>";
			versionGroupType = wrapper.xcdatamodel;
		};
/* End XCVersionGroup section */
	};
	rootObject = 304ABF3E1E4A937C005EFF41 /* Project object */;
}
